// !$*UTF8*$!
{
	archiveVersion = 1;
	classes = {
	};
	objectVersion = 50;
	objects = {

/* Begin PBXBuildFile section */
		53F81C0B21EC80FB00A08248 /* AppDelegate.swift in Sources */ = {isa = PBXBuildFile; fileRef = 53F81C0A21EC80FB00A08248 /* AppDelegate.swift */; };
		53F81C1021EC80FB00A08248 /* Main.storyboard in Resources */ = {isa = PBXBuildFile; fileRef = 53F81C0E21EC80FB00A08248 /* Main.storyboard */; };
		53F81C1221EC80FC00A08248 /* Assets.xcassets in Resources */ = {isa = PBXBuildFile; fileRef = 53F81C1121EC80FC00A08248 /* Assets.xcassets */; };
		53F81C1521EC80FC00A08248 /* LaunchScreen.storyboard in Resources */ = {isa = PBXBuildFile; fileRef = 53F81C1321EC80FC00A08248 /* LaunchScreen.storyboard */; };
		53F81C3A21EC815700A08248 /* CalculatorViewModel.swift in Sources */ = {isa = PBXBuildFile; fileRef = 53F81C3921EC815700A08248 /* CalculatorViewModel.swift */; };
		53F81C3C21EC817400A08248 /* CalculatorViewController.swift in Sources */ = {isa = PBXBuildFile; fileRef = 53F81C3B21EC817400A08248 /* CalculatorViewController.swift */; };
		53F81C3E21EC85C500A08248 /* CalculatorViewModelTest.swift in Sources */ = {isa = PBXBuildFile; fileRef = 53F81C3D21EC85C500A08248 /* CalculatorViewModelTest.swift */; };
		53F81C4021ECBF9A00A08248 /* CalculatorViewUITesting.swift in Sources */ = {isa = PBXBuildFile; fileRef = 53F81C3F21ECBF9A00A08248 /* CalculatorViewUITesting.swift */; };
		53F81C4221ED476900A08248 /* CustomLabel.swift in Sources */ = {isa = PBXBuildFile; fileRef = 53F81C4121ED476900A08248 /* CustomLabel.swift */; };
/* End PBXBuildFile section */

/* Begin PBXContainerItemProxy section */
		53F81C1C21EC80FC00A08248 /* PBXContainerItemProxy */ = {
			isa = PBXContainerItemProxy;
			containerPortal = 53F81BFF21EC80FB00A08248 /* Project object */;
			proxyType = 1;
			remoteGlobalIDString = 53F81C0621EC80FB00A08248;
			remoteInfo = CalculatorApp;
		};
		53F81C2721EC80FC00A08248 /* PBXContainerItemProxy */ = {
			isa = PBXContainerItemProxy;
			containerPortal = 53F81BFF21EC80FB00A08248 /* Project object */;
			proxyType = 1;
			remoteGlobalIDString = 53F81C0621EC80FB00A08248;
			remoteInfo = CalculatorApp;
		};
/* End PBXContainerItemProxy section */

/* Begin PBXFileReference section */
		53F81C0721EC80FB00A08248 /* CalculatorApp.app */ = {isa = PBXFileReference; explicitFileType = wrapper.application; includeInIndex = 0; path = CalculatorApp.app; sourceTree = BUILT_PRODUCTS_DIR; };
		53F81C0A21EC80FB00A08248 /* AppDelegate.swift */ = {isa = PBXFileReference; lastKnownFileType = sourcecode.swift; path = AppDelegate.swift; sourceTree = "<group>"; };
		53F81C0F21EC80FB00A08248 /* Base */ = {isa = PBXFileReference; lastKnownFileType = file.storyboard; name = Base; path = Base.lproj/Main.storyboard; sourceTree = "<group>"; };
		53F81C1121EC80FC00A08248 /* Assets.xcassets */ = {isa = PBXFileReference; lastKnownFileType = folder.assetcatalog; path = Assets.xcassets; sourceTree = "<group>"; };
		53F81C1421EC80FC00A08248 /* Base */ = {isa = PBXFileReference; lastKnownFileType = file.storyboard; name = Base; path = Base.lproj/LaunchScreen.storyboard; sourceTree = "<group>"; };
		53F81C1621EC80FC00A08248 /* Info.plist */ = {isa = PBXFileReference; lastKnownFileType = text.plist.xml; path = Info.plist; sourceTree = "<group>"; };
		53F81C1B21EC80FC00A08248 /* CalculatorAppTests.xctest */ = {isa = PBXFileReference; explicitFileType = wrapper.cfbundle; includeInIndex = 0; path = CalculatorAppTests.xctest; sourceTree = BUILT_PRODUCTS_DIR; };
		53F81C2121EC80FC00A08248 /* Info.plist */ = {isa = PBXFileReference; lastKnownFileType = text.plist.xml; path = Info.plist; sourceTree = "<group>"; };
		53F81C2621EC80FC00A08248 /* CalculatorAppUITests.xctest */ = {isa = PBXFileReference; explicitFileType = wrapper.cfbundle; includeInIndex = 0; path = CalculatorAppUITests.xctest; sourceTree = BUILT_PRODUCTS_DIR; };
		53F81C2C21EC80FC00A08248 /* Info.plist */ = {isa = PBXFileReference; lastKnownFileType = text.plist.xml; path = Info.plist; sourceTree = "<group>"; };
		53F81C3921EC815700A08248 /* CalculatorViewModel.swift */ = {isa = PBXFileReference; lastKnownFileType = sourcecode.swift; path = CalculatorViewModel.swift; sourceTree = "<group>"; };
		53F81C3B21EC817400A08248 /* CalculatorViewController.swift */ = {isa = PBXFileReference; lastKnownFileType = sourcecode.swift; path = CalculatorViewController.swift; sourceTree = "<group>"; };
		53F81C3D21EC85C500A08248 /* CalculatorViewModelTest.swift */ = {isa = PBXFileReference; lastKnownFileType = sourcecode.swift; path = CalculatorViewModelTest.swift; sourceTree = "<group>"; };
		53F81C3F21ECBF9A00A08248 /* CalculatorViewUITesting.swift */ = {isa = PBXFileReference; lastKnownFileType = sourcecode.swift; path = CalculatorViewUITesting.swift; sourceTree = "<group>"; };
		53F81C4121ED476900A08248 /* CustomLabel.swift */ = {isa = PBXFileReference; lastKnownFileType = sourcecode.swift; path = CustomLabel.swift; sourceTree = "<group>"; };
/* End PBXFileReference section */

/* Begin PBXFrameworksBuildPhase section */
		53F81C0421EC80FB00A08248 /* Frameworks */ = {
			isa = PBXFrameworksBuildPhase;
			buildActionMask = 2147483647;
			files = (
			);
			runOnlyForDeploymentPostprocessing = 0;
		};
		53F81C1821EC80FC00A08248 /* Frameworks */ = {
			isa = PBXFrameworksBuildPhase;
			buildActionMask = 2147483647;
			files = (
			);
			runOnlyForDeploymentPostprocessing = 0;
		};
		53F81C2321EC80FC00A08248 /* Frameworks */ = {
			isa = PBXFrameworksBuildPhase;
			buildActionMask = 2147483647;
			files = (
			);
			runOnlyForDeploymentPostprocessing = 0;
		};
/* End PBXFrameworksBuildPhase section */

/* Begin PBXGroup section */
		53F81BFE21EC80FB00A08248 = {
			isa = PBXGroup;
			children = (
				53F81C0921EC80FB00A08248 /* CalculatorApp */,
				53F81C1E21EC80FC00A08248 /* CalculatorAppTests */,
				53F81C2921EC80FC00A08248 /* CalculatorAppUITests */,
				53F81C0821EC80FB00A08248 /* Products */,
			);
			sourceTree = "<group>";
		};
		53F81C0821EC80FB00A08248 /* Products */ = {
			isa = PBXGroup;
			children = (
				53F81C0721EC80FB00A08248 /* CalculatorApp.app */,
				53F81C1B21EC80FC00A08248 /* CalculatorAppTests.xctest */,
				53F81C2621EC80FC00A08248 /* CalculatorAppUITests.xctest */,
			);
			name = Products;
			sourceTree = "<group>";
		};
		53F81C0921EC80FB00A08248 /* CalculatorApp */ = {
			isa = PBXGroup;
			children = (
				53F81C0A21EC80FB00A08248 /* AppDelegate.swift */,
				53F81C3B21EC817400A08248 /* CalculatorViewController.swift */,
				53F81C3921EC815700A08248 /* CalculatorViewModel.swift */,
				53F81C0E21EC80FB00A08248 /* Main.storyboard */,
				53F81C1121EC80FC00A08248 /* Assets.xcassets */,
				53F81C1321EC80FC00A08248 /* LaunchScreen.storyboard */,
				53F81C1621EC80FC00A08248 /* Info.plist */,
				53F81C4121ED476900A08248 /* CustomLabel.swift */,
			);
			path = CalculatorApp;
			sourceTree = "<group>";
		};
		53F81C1E21EC80FC00A08248 /* CalculatorAppTests */ = {
			isa = PBXGroup;
			children = (
				53F81C2121EC80FC00A08248 /* Info.plist */,
				53F81C3D21EC85C500A08248 /* CalculatorViewModelTest.swift */,
			);
			path = CalculatorAppTests;
			sourceTree = "<group>";
		};
		53F81C2921EC80FC00A08248 /* CalculatorAppUITests */ = {
			isa = PBXGroup;
			children = (
				53F81C3F21ECBF9A00A08248 /* CalculatorViewUITesting.swift */,
				53F81C2C21EC80FC00A08248 /* Info.plist */,
			);
			path = CalculatorAppUITests;
			sourceTree = "<group>";
		};
/* End PBXGroup section */

/* Begin PBXNativeTarget section */
		53F81C0621EC80FB00A08248 /* CalculatorApp */ = {
			isa = PBXNativeTarget;
			buildConfigurationList = 53F81C2F21EC80FC00A08248 /* Build configuration list for PBXNativeTarget "CalculatorApp" */;
			buildPhases = (
				53F81C0321EC80FB00A08248 /* Sources */,
				53F81C0421EC80FB00A08248 /* Frameworks */,
				53F81C0521EC80FB00A08248 /* Resources */,
			);
			buildRules = (
			);
			dependencies = (
			);
			name = CalculatorApp;
			productName = CalculatorApp;
			productReference = 53F81C0721EC80FB00A08248 /* CalculatorApp.app */;
			productType = "com.apple.product-type.application";
		};
		53F81C1A21EC80FC00A08248 /* CalculatorAppTests */ = {
			isa = PBXNativeTarget;
			buildConfigurationList = 53F81C3221EC80FC00A08248 /* Build configuration list for PBXNativeTarget "CalculatorAppTests" */;
			buildPhases = (
				53F81C1721EC80FC00A08248 /* Sources */,
				53F81C1821EC80FC00A08248 /* Frameworks */,
				53F81C1921EC80FC00A08248 /* Resources */,
			);
			buildRules = (
			);
			dependencies = (
				53F81C1D21EC80FC00A08248 /* PBXTargetDependency */,
			);
			name = CalculatorAppTests;
			productName = CalculatorAppTests;
			productReference = 53F81C1B21EC80FC00A08248 /* CalculatorAppTests.xctest */;
			productType = "com.apple.product-type.bundle.unit-test";
		};
		53F81C2521EC80FC00A08248 /* CalculatorAppUITests */ = {
			isa = PBXNativeTarget;
			buildConfigurationList = 53F81C3521EC80FC00A08248 /* Build configuration list for PBXNativeTarget "CalculatorAppUITests" */;
			buildPhases = (
				53F81C2221EC80FC00A08248 /* Sources */,
				53F81C2321EC80FC00A08248 /* Frameworks */,
				53F81C2421EC80FC00A08248 /* Resources */,
			);
			buildRules = (
			);
			dependencies = (
				53F81C2821EC80FC00A08248 /* PBXTargetDependency */,
			);
			name = CalculatorAppUITests;
			productName = CalculatorAppUITests;
			productReference = 53F81C2621EC80FC00A08248 /* CalculatorAppUITests.xctest */;
			productType = "com.apple.product-type.bundle.ui-testing";
		};
/* End PBXNativeTarget section */

/* Begin PBXProject section */
		53F81BFF21EC80FB00A08248 /* Project object */ = {
			isa = PBXProject;
			attributes = {
				LastSwiftUpdateCheck = 1010;
				LastUpgradeCheck = 1010;
				ORGANIZATIONNAME = "Shital  Jadhav";
				TargetAttributes = {
					53F81C0621EC80FB00A08248 = {
						CreatedOnToolsVersion = 10.1;
					};
					53F81C1A21EC80FC00A08248 = {
						CreatedOnToolsVersion = 10.1;
						TestTargetID = 53F81C0621EC80FB00A08248;
					};
					53F81C2521EC80FC00A08248 = {
						CreatedOnToolsVersion = 10.1;
						TestTargetID = 53F81C0621EC80FB00A08248;
					};
				};
			};
			buildConfigurationList = 53F81C0221EC80FB00A08248 /* Build configuration list for PBXProject "CalculatorApp" */;
			compatibilityVersion = "Xcode 9.3";
			developmentRegion = en;
			hasScannedForEncodings = 0;
			knownRegions = (
				en,
				Base,
			);
			mainGroup = 53F81BFE21EC80FB00A08248;
			productRefGroup = 53F81C0821EC80FB00A08248 /* Products */;
			projectDirPath = "";
			projectRoot = "";
			targets = (
				53F81C0621EC80FB00A08248 /* CalculatorApp */,
				53F81C1A21EC80FC00A08248 /* CalculatorAppTests */,
				53F81C2521EC80FC00A08248 /* CalculatorAppUITests */,
			);
		};
/* End PBXProject section */

/* Begin PBXResourcesBuildPhase section */
		53F81C0521EC80FB00A08248 /* Resources */ = {
			isa = PBXResourcesBuildPhase;
			buildActionMask = 2147483647;
			files = (
				53F81C1521EC80FC00A08248 /* LaunchScreen.storyboard in Resources */,
				53F81C1221EC80FC00A08248 /* Assets.xcassets in Resources */,
				53F81C1021EC80FB00A08248 /* Main.storyboard in Resources */,
			);
			runOnlyForDeploymentPostprocessing = 0;
		};
		53F81C1921EC80FC00A08248 /* Resources */ = {
			isa = PBXResourcesBuildPhase;
			buildActionMask = 2147483647;
			files = (
			);
			runOnlyForDeploymentPostprocessing = 0;
		};
		53F81C2421EC80FC00A08248 /* Resources */ = {
			isa = PBXResourcesBuildPhase;
			buildActionMask = 2147483647;
			files = (
			);
			runOnlyForDeploymentPostprocessing = 0;
		};
/* End PBXResourcesBuildPhase section */

/* Begin PBXSourcesBuildPhase section */
		53F81C0321EC80FB00A08248 /* Sources */ = {
			isa = PBXSourcesBuildPhase;
			buildActionMask = 2147483647;
			files = (
				53F81C3A21EC815700A08248 /* CalculatorViewModel.swift in Sources */,
				53F81C3C21EC817400A08248 /* CalculatorViewController.swift in Sources */,
				53F81C0B21EC80FB00A08248 /* AppDelegate.swift in Sources */,
				53F81C4221ED476900A08248 /* CustomLabel.swift in Sources */,
			);
			runOnlyForDeploymentPostprocessing = 0;
		};
		53F81C1721EC80FC00A08248 /* Sources */ = {
			isa = PBXSourcesBuildPhase;
			buildActionMask = 2147483647;
			files = (
				53F81C3E21EC85C500A08248 /* CalculatorViewModelTest.swift in Sources */,
			);
			runOnlyForDeploymentPostprocessing = 0;
		};
		53F81C2221EC80FC00A08248 /* Sources */ = {
			isa = PBXSourcesBuildPhase;
			buildActionMask = 2147483647;
			files = (
				53F81C4021ECBF9A00A08248 /* CalculatorViewUITesting.swift in Sources */,
			);
			runOnlyForDeploymentPostprocessing = 0;
		};
/* End PBXSourcesBuildPhase section */

/* Begin PBXTargetDependency section */
		53F81C1D21EC80FC00A08248 /* PBXTargetDependency */ = {
			isa = PBXTargetDependency;
			target = 53F81C0621EC80FB00A08248 /* CalculatorApp */;
			targetProxy = 53F81C1C21EC80FC00A08248 /* PBXContainerItemProxy */;
		};
		53F81C2821EC80FC00A08248 /* PBXTargetDependency */ = {
			isa = PBXTargetDependency;
			target = 53F81C0621EC80FB00A08248 /* CalculatorApp */;
			targetProxy = 53F81C2721EC80FC00A08248 /* PBXContainerItemProxy */;
		};
/* End PBXTargetDependency section */

/* Begin PBXVariantGroup section */
		53F81C0E21EC80FB00A08248 /* Main.storyboard */ = {
			isa = PBXVariantGroup;
			children = (
				53F81C0F21EC80FB00A08248 /* Base */,
			);
			name = Main.storyboard;
			sourceTree = "<group>";
		};
		53F81C1321EC80FC00A08248 /* LaunchScreen.storyboard */ = {
			isa = PBXVariantGroup;
			children = (
				53F81C1421EC80FC00A08248 /* Base */,
			);
			name = LaunchScreen.storyboard;
			sourceTree = "<group>";
		};
/* End PBXVariantGroup section */

/* Begin XCBuildConfiguration section */
		53F81C2D21EC80FC00A08248 /* Debug */ = {
			isa = XCBuildConfiguration;
			buildSettings = {
				ALWAYS_SEARCH_USER_PATHS = NO;
				CLANG_ANALYZER_NONNULL = YES;
				CLANG_ANALYZER_NUMBER_OBJECT_CONVERSION = YES_AGGRESSIVE;
				CLANG_CXX_LANGUAGE_STANDARD = "gnu++14";
				CLANG_CXX_LIBRARY = "libc++";
				CLANG_ENABLE_MODULES = YES;
				CLANG_ENABLE_OBJC_ARC = YES;
				CLANG_ENABLE_OBJC_WEAK = YES;
				CLANG_WARN_BLOCK_CAPTURE_AUTORELEASING = YES;
				CLANG_WARN_BOOL_CONVERSION = YES;
				CLANG_WARN_COMMA = YES;
				CLANG_WARN_CONSTANT_CONVERSION = YES;
				CLANG_WARN_DEPRECATED_OBJC_IMPLEMENTATIONS = YES;
				CLANG_WARN_DIRECT_OBJC_ISA_USAGE = YES_ERROR;
				CLANG_WARN_DOCUMENTATION_COMMENTS = YES;
				CLANG_WARN_EMPTY_BODY = YES;
				CLANG_WARN_ENUM_CONVERSION = YES;
				CLANG_WARN_INFINITE_RECURSION = YES;
				CLANG_WARN_INT_CONVERSION = YES;
				CLANG_WARN_NON_LITERAL_NULL_CONVERSION = YES;
				CLANG_WARN_OBJC_IMPLICIT_RETAIN_SELF = YES;
				CLANG_WARN_OBJC_LITERAL_CONVERSION = YES;
				CLANG_WARN_OBJC_ROOT_CLASS = YES_ERROR;
				CLANG_WARN_RANGE_LOOP_ANALYSIS = YES;
				CLANG_WARN_STRICT_PROTOTYPES = YES;
				CLANG_WARN_SUSPICIOUS_MOVE = YES;
				CLANG_WARN_UNGUARDED_AVAILABILITY = YES_AGGRESSIVE;
				CLANG_WARN_UNREACHABLE_CODE = YES;
				CLANG_WARN__DUPLICATE_METHOD_MATCH = YES;
				CODE_SIGN_IDENTITY = "iPhone Developer";
				COPY_PHASE_STRIP = NO;
				DEBUG_INFORMATION_FORMAT = dwarf;
				ENABLE_STRICT_OBJC_MSGSEND = YES;
				ENABLE_TESTABILITY = YES;
				GCC_C_LANGUAGE_STANDARD = gnu11;
				GCC_DYNAMIC_NO_PIC = NO;
				GCC_NO_COMMON_BLOCKS = YES;
				GCC_OPTIMIZATION_LEVEL = 0;
				GCC_PREPROCESSOR_DEFINITIONS = (
					"DEBUG=1",
					"$(inherited)",
				);
				GCC_WARN_64_TO_32_BIT_CONVERSION = YES;
				GCC_WARN_ABOUT_RETURN_TYPE = YES_ERROR;
				GCC_WARN_UNDECLARED_SELECTOR = YES;
				GCC_WARN_UNINITIALIZED_AUTOS = YES_AGGRESSIVE;
				GCC_WARN_UNUSED_FUNCTION = YES;
				GCC_WARN_UNUSED_VARIABLE = YES;
				IPHONEOS_DEPLOYMENT_TARGET = 12.1;
				MTL_ENABLE_DEBUG_INFO = INCLUDE_SOURCE;
				MTL_FAST_MATH = YES;
				ONLY_ACTIVE_ARCH = YES;
				SDKROOT = iphoneos;
				SWIFT_ACTIVE_COMPILATION_CONDITIONS = DEBUG;
				SWIFT_OPTIMIZATION_LEVEL = "-Onone";
			};
			name = Debug;
		};
		53F81C2E21EC80FC00A08248 /* Release */ = {
			isa = XCBuildConfiguration;
			buildSettings = {
				ALWAYS_SEARCH_USER_PATHS = NO;
				CLANG_ANALYZER_NONNULL = YES;
				CLANG_ANALYZER_NUMBER_OBJECT_CONVERSION = YES_AGGRESSIVE;
				CLANG_CXX_LANGUAGE_STANDARD = "gnu++14";
				CLANG_CXX_LIBRARY = "libc++";
				CLANG_ENABLE_MODULES = YES;
				CLANG_ENABLE_OBJC_ARC = YES;
				CLANG_ENABLE_OBJC_WEAK = YES;
				CLANG_WARN_BLOCK_CAPTURE_AUTORELEASING = YES;
				CLANG_WARN_BOOL_CONVERSION = YES;
				CLANG_WARN_COMMA = YES;
				CLANG_WARN_CONSTANT_CONVERSION = YES;
				CLANG_WARN_DEPRECATED_OBJC_IMPLEMENTATIONS = YES;
				CLANG_WARN_DIRECT_OBJC_ISA_USAGE = YES_ERROR;
				CLANG_WARN_DOCUMENTATION_COMMENTS = YES;
				CLANG_WARN_EMPTY_BODY = YES;
				CLANG_WARN_ENUM_CONVERSION = YES;
				CLANG_WARN_INFINITE_RECURSION = YES;
				CLANG_WARN_INT_CONVERSION = YES;
				CLANG_WARN_NON_LITERAL_NULL_CONVERSION = YES;
				CLANG_WARN_OBJC_IMPLICIT_RETAIN_SELF = YES;
				CLANG_WARN_OBJC_LITERAL_CONVERSION = YES;
				CLANG_WARN_OBJC_ROOT_CLASS = YES_ERROR;
				CLANG_WARN_RANGE_LOOP_ANALYSIS = YES;
				CLANG_WARN_STRICT_PROTOTYPES = YES;
				CLANG_WARN_SUSPICIOUS_MOVE = YES;
				CLANG_WARN_UNGUARDED_AVAILABILITY = YES_AGGRESSIVE;
				CLANG_WARN_UNREACHABLE_CODE = YES;
				CLANG_WARN__DUPLICATE_METHOD_MATCH = YES;
				CODE_SIGN_IDENTITY = "iPhone Developer";
				COPY_PHASE_STRIP = NO;
				DEBUG_INFORMATION_FORMAT = "dwarf-with-dsym";
				ENABLE_NS_ASSERTIONS = NO;
				ENABLE_STRICT_OBJC_MSGSEND = YES;
				GCC_C_LANGUAGE_STANDARD = gnu11;
				GCC_NO_COMMON_BLOCKS = YES;
				GCC_WARN_64_TO_32_BIT_CONVERSION = YES;
				GCC_WARN_ABOUT_RETURN_TYPE = YES_ERROR;
				GCC_WARN_UNDECLARED_SELECTOR = YES;
				GCC_WARN_UNINITIALIZED_AUTOS = YES_AGGRESSIVE;
				GCC_WARN_UNUSED_FUNCTION = YES;
				GCC_WARN_UNUSED_VARIABLE = YES;
				IPHONEOS_DEPLOYMENT_TARGET = 12.1;
				MTL_ENABLE_DEBUG_INFO = NO;
				MTL_FAST_MATH = YES;
				SDKROOT = iphoneos;
				SWIFT_COMPILATION_MODE = wholemodule;
				SWIFT_OPTIMIZATION_LEVEL = "-O";
				VALIDATE_PRODUCT = YES;
			};
			name = Release;
		};
		53F81C3021EC80FC00A08248 /* Debug */ = {
			isa = XCBuildConfiguration;
			buildSettings = {
				ASSETCATALOG_COMPILER_APPICON_NAME = AppIcon;
				CODE_SIGN_STYLE = Automatic;
				INFOPLIST_FILE = CalculatorApp/Info.plist;
				LD_RUNPATH_SEARCH_PATHS = (
					"$(inherited)",
					"@executable_path/Frameworks",
				);
				PRODUCT_BUNDLE_IDENTIFIER = com..CalculatorApp;
				PRODUCT_NAME = "$(TARGET_NAME)";
				SWIFT_VERSION = 4.2;
				TARGETED_DEVICE_FAMILY = "1,2";
			};
			name = Debug;
		};
		53F81C3121EC80FC00A08248 /* Release */ = {
			isa = XCBuildConfiguration;
			buildSettings = {
				ASSETCATALOG_COMPILER_APPICON_NAME = AppIcon;
				CODE_SIGN_STYLE = Automatic;
				INFOPLIST_FILE = CalculatorApp/Info.plist;
				LD_RUNPATH_SEARCH_PATHS = (
					"$(inherited)",
					"@executable_path/Frameworks",
				);
				PRODUCT_BUNDLE_IDENTIFIER = com..CalculatorApp;
				PRODUCT_NAME = "$(TARGET_NAME)";
				SWIFT_VERSION = 4.2;
				TARGETED_DEVICE_FAMILY = "1,2";
			};
			name = Release;
		};
		53F81C3321EC80FC00A08248 /* Debug */ = {
			isa = XCBuildConfiguration;
			buildSettings = {
				ALWAYS_EMBED_SWIFT_STANDARD_LIBRARIES = YES;
				BUNDLE_LOADER = "$(TEST_HOST)";
				CODE_SIGN_STYLE = Automatic;
				INFOPLIST_FILE = CalculatorAppTests/Info.plist;
				LD_RUNPATH_SEARCH_PATHS = (
					"$(inherited)",
					"@executable_path/Frameworks",
					"@loader_path/Frameworks",
				);
				PRODUCT_BUNDLE_IDENTIFIER = com..CalculatorAppTests;
				PRODUCT_NAME = "$(TARGET_NAME)";
				SWIFT_VERSION = 4.2;
				TARGETED_DEVICE_FAMILY = "1,2";
				TEST_HOST = "$(BUILT_PRODUCTS_DIR)/CalculatorApp.app/CalculatorApp";
			};
			name = Debug;
		};
		53F81C3421EC80FC00A08248 /* Release */ = {
			isa = XCBuildConfiguration;
			buildSettings = {
				ALWAYS_EMBED_SWIFT_STANDARD_LIBRARIES = YES;
				BUNDLE_LOADER = "$(TEST_HOST)";
				CODE_SIGN_STYLE = Automatic;
				INFOPLIST_FILE = CalculatorAppTests/Info.plist;
				LD_RUNPATH_SEARCH_PATHS = (
					"$(inherited)",
					"@executable_path/Frameworks",
					"@loader_path/Frameworks",
				);
				PRODUCT_BUNDLE_IDENTIFIER = com..CalculatorAppTests;
				PRODUCT_NAME = "$(TARGET_NAME)";
				SWIFT_VERSION = 4.2;
				TARGETED_DEVICE_FAMILY = "1,2";
				TEST_HOST = "$(BUILT_PRODUCTS_DIR)/CalculatorApp.app/CalculatorApp";
			};
			name = Release;
		};
		53F81C3621EC80FC00A08248 /* Debug */ = {
			isa = XCBuildConfiguration;
			buildSettings = {
				ALWAYS_EMBED_SWIFT_STANDARD_LIBRARIES = YES;
				CODE_SIGN_STYLE = Automatic;
				INFOPLIST_FILE = CalculatorAppUITests/Info.plist;
				LD_RUNPATH_SEARCH_PATHS = (
					"$(inherited)",
					"@executable_path/Frameworks",
					"@loader_path/Frameworks",
				);
				PRODUCT_BUNDLE_IDENTIFIER = com..CalculatorAppUITests;
				PRODUCT_NAME = "$(TARGET_NAME)";
				SWIFT_VERSION = 4.2;
				TARGETED_DEVICE_FAMILY = "1,2";
				TEST_TARGET_NAME = CalculatorApp;
			};
			name = Debug;
		};
		53F81C3721EC80FC00A08248 /* Release */ = {
			isa = XCBuildConfiguration;
			buildSettings = {
				ALWAYS_EMBED_SWIFT_STANDARD_LIBRARIES = YES;
				CODE_SIGN_STYLE = Automatic;
				INFOPLIST_FILE = CalculatorAppUITests/Info.plist;
				LD_RUNPATH_SEARCH_PATHS = (
					"$(inherited)",
					"@executable_path/Frameworks",
					"@loader_path/Frameworks",
				);
				PRODUCT_BUNDLE_IDENTIFIER = com..CalculatorAppUITests;
				PRODUCT_NAME = "$(TARGET_NAME)";
				SWIFT_VERSION = 4.2;
				TARGETED_DEVICE_FAMILY = "1,2";
				TEST_TARGET_NAME = CalculatorApp;
			};
			name = Release;
		};
/* End XCBuildConfiguration section */

/* Begin XCConfigurationList section */
		53F81C0221EC80FB00A08248 /* Build configuration list for PBXProject "CalculatorApp" */ = {
			isa = XCConfigurationList;
			buildConfigurations = (
				53F81C2D21EC80FC00A08248 /* Debug */,
				53F81C2E21EC80FC00A08248 /* Release */,
			);
			defaultConfigurationIsVisible = 0;
			defaultConfigurationName = Release;
		};
		53F81C2F21EC80FC00A08248 /* Build configuration list for PBXNativeTarget "CalculatorApp" */ = {
			isa = XCConfigurationList;
			buildConfigurations = (
				53F81C3021EC80FC00A08248 /* Debug */,
				53F81C3121EC80FC00A08248 /* Release */,
			);
			defaultConfigurationIsVisible = 0;
			defaultConfigurationName = Release;
		};
		53F81C3221EC80FC00A08248 /* Build configuration list for PBXNativeTarget "CalculatorAppTests" */ = {
			isa = XCConfigurationList;
			buildConfigurations = (
				53F81C3321EC80FC00A08248 /* Debug */,
				53F81C3421EC80FC00A08248 /* Release */,
			);
			defaultConfigurationIsVisible = 0;
			defaultConfigurationName = Release;
		};
		53F81C3521EC80FC00A08248 /* Build configuration list for PBXNativeTarget "CalculatorAppUITests" */ = {
			isa = XCConfigurationList;
			buildConfigurations = (
				53F81C3621EC80FC00A08248 /* Debug */,
				53F81C3721EC80FC00A08248 /* Release */,
			);
			defaultConfigurationIsVisible = 0;
			defaultConfigurationName = Release;
		};
/* End XCConfigurationList section */
	};
	rootObject = 53F81BFF21EC80FB00A08248 /* Project object */;
}
